
Microsoft Visual Studio Solution File, Format Version 12.00
# Visual Studio 15
VisualStudioVersion = 15.0.26730.15
MinimumVisualStudioVersion = 10.0.40219.1
Project("{FAE04EC0-301F-11D3-BF4B-00C04F79EFBC}") = "EchoServer", "EchoServer\EchoServer.csproj", "{6A34DD6A-DE7F-4DAC-8EB1-2A10C3208A91}"
EndProject
Project("{FAE04EC0-301F-11D3-BF4B-00C04F79EFBC}") = "EchoClient", "EchoClient\EchoClient.csproj", "{11CEB4E3-61CD-4D80-9A3A-A88F5C10EAEB}"
EndProject
Global
	GlobalSection(SolutionConfigurationPlatforms) = preSolution
		Debug|Any CPU = Debug|Any CPU
		Release|Any CPU = Release|Any CPU
	EndGlobalSection
	GlobalSection(ProjectConfigurationPlatforms) = postSolution
		{6A34DD6A-DE7F-4DAC-8EB1-2A10C3208A91}.Debug|Any CPU.ActiveCfg = Debug|Any CPU
		{6A34DD6A-DE7F-4DAC-8EB1-2A10C3208A91}.Debug|Any CPU.Build.0 = Debug|Any CPU
		{6A34DD6A-DE7F-4DAC-8EB1-2A10C3208A91}.Release|Any CPU.ActiveCfg = Release|Any CPU
		{6A34DD6A-DE7F-4DAC-8EB1-2A10C3208A91}.Release|Any CPU.Build.0 = Release|Any CPU
		{11CEB4E3-61CD-4D80-9A3A-A88F5C10EAEB}.Debug|Any CPU.ActiveCfg = Debug|Any CPU
		{11CEB4E3-61CD-4D80-9A3A-A88F5C10EAEB}.Debug|Any CPU.Build.0 = Debug|Any CPU
		{11CEB4E3-61CD-4D80-9A3A-A88F5C10EAEB}.Release|Any CPU.ActiveCfg = Release|Any CPU
		{11CEB4E3-61CD-4D80-9A3A-A88F5C10EAEB}.Release|Any CPU.Build.0 = Release|Any CPU
	EndGlobalSection
	GlobalSection(SolutionProperties) = preSolution
		HideSolutionNode = FALSE
	EndGlobalSection
	GlobalSection(ExtensibilityGlobals) = postSolution
		SolutionGuid = {3B1F97A4-AC10-416B-AAB8-A00429CCDB9D}
	EndGlobalSection
EndGlobal
