
Microsoft Visual Studio Solution File, Format Version 12.00
# Visual Studio 15
VisualStudioVersion = 15.0.26730.15
MinimumVisualStudioVersion = 10.0.40219.1
Project("{FAE04EC0-301F-11D3-BF4B-00C04F79EFBC}") = "TcpEchoServerSSLElaborate", "TcpEchoServerSSLElaborate\TcpEchoServerSSLElaborate.csproj", "{C09933A1-9536-4789-BBA5-970795D94716}"
EndProject
Global
	GlobalSection(SolutionConfigurationPlatforms) = preSolution
		Debug|Any CPU = Debug|Any CPU
		Release|Any CPU = Release|Any CPU
	EndGlobalSection
	GlobalSection(ProjectConfigurationPlatforms) = postSolution
		{C09933A1-9536-4789-BBA5-970795D94716}.Debug|Any CPU.ActiveCfg = Debug|Any CPU
		{C09933A1-9536-4789-BBA5-970795D94716}.Debug|Any CPU.Build.0 = Debug|Any CPU
		{C09933A1-9536-4789-BBA5-970795D94716}.Release|Any CPU.ActiveCfg = Release|Any CPU
		{C09933A1-9536-4789-BBA5-970795D94716}.Release|Any CPU.Build.0 = Release|Any CPU
	EndGlobalSection
	GlobalSection(SolutionProperties) = preSolution
		HideSolutionNode = FALSE
	EndGlobalSection
	GlobalSection(ExtensibilityGlobals) = postSolution
		SolutionGuid = {3B1F97A4-AC10-416B-AAB8-A00429CCDB9D}
	EndGlobalSection
EndGlobal
